Microsoft Visual Studio Solution File, Format Version 12.00
# Visual Studio Version 17
VisualStudioVersion = 17.5.2.0
MinimumVisualStudioVersion = 10.0.40219.1
Project("{FAE04EC0-301F-11D3-BF4B-00C04F79EFBC}") = "MeetingService", "MeetingService.csproj", "{B82CC1B1-D6ED-1DBC-007B-DC7702E67E6E}"
EndProject
Global
	GlobalSection(SolutionConfigurationPlatforms) = preSolution
		Debug|Any CPU = Debug|Any CPU
		Release|Any CPU = Release|Any CPU
	EndGlobalSection
	GlobalSection(ProjectConfigurationPlatforms) = postSolution
		{B82CC1B1-D6ED-1DBC-007B-DC7702E67E6E}.Debug|Any CPU.ActiveCfg = Debug|Any CPU
		{B82CC1B1-D6ED-1DBC-007B-DC7702E67E6E}.Debug|Any CPU.Build.0 = Debug|Any CPU
		{B82CC1B1-D6ED-1DBC-007B-DC7702E67E6E}.Release|Any CPU.ActiveCfg = Release|Any CPU
		{B82CC1B1-D6ED-1DBC-007B-DC7702E67E6E}.Release|Any CPU.Build.0 = Release|Any CPU
	EndGlobalSection
	GlobalSection(SolutionProperties) = preSolution
		HideSolutionNode = FALSE
	EndGlobalSection
	GlobalSection(ExtensibilityGlobals) = postSolution
		SolutionGuid = {605E1B0C-930F-43B1-86BA-5E15959C7D37}
	EndGlobalSection
EndGlobal
